# THIS IS AN AUTOGENERATED FILE. DO NOT EDIT THIS FILE DIRECTLY.
# yarn lockfile v1


"@types/node@^12.11.7":
  version "12.19.3"
  resolved "https://registry.yarnpkg.com/@types/node/-/node-12.19.3.tgz"
  integrity sha512-8Jduo8wvvwDzEVJCOvS/G6sgilOLvvhn1eMmK3TW8/T217O7u1jdrK6ImKLv80tVryaPSVeKu6sjDEiFjd4/eg==

"@types/vscode@^1.51.0":
  version "1.51.0"
  resolved "https://registry.yarnpkg.com/@types/vscode/-/vscode-1.51.0.tgz"
  integrity sha512-C/jZ35OT5k/rsJyAK8mS1kM++vMcm89oSWegkzxRCvHllIq0cToZAkIDs6eCY4SKrvik3nrhELizyLcM0onbQA==

typescript@^4.0.2:
  version "4.0.5"
  resolved "https://registry.yarnpkg.com/typescript/-/typescript-4.0.5.tgz"
  integrity sha512-ywmr/VrTVCmNTJ6iV2LwIrfG1P+lv6luD8sUJs+2eI9NLGigaN+nUQc13iHqisq7bra9lnmUSYqbJvegraBOPQ==
